
Microsoft Visual Studio Solution File, Format Version 12.00
# Visual Studio Version 17
VisualStudioVersion = 17.9.34310.174
MinimumVisualStudioVersion = 10.0.40219.1
Project("{9A19103F-16F7-4668-BE54-9A1E7A4F7556}") = "Proje", "Proje.csproj", "{0C01BB3A-E28B-499A-B780-55C7AEAD71D3}"
EndProject
Project("{2150E333-8FDC-42A3-9474-1A3956D46DE8}") = "Solution Items", "Solution Items", "{D2E8851C-735C-48C4-936E-A7B2113A2B97}"
	ProjectSection(SolutionItems) = preProject
		.editorconfig = .editorconfig
	EndProjectSection
EndProject
Global
	GlobalSection(SolutionConfigurationPlatforms) = preSolution
		Debug|Any CPU = Debug|Any CPU
		Release|Any CPU = Release|Any CPU
	EndGlobalSection
	GlobalSection(ProjectConfigurationPlatforms) = postSolution
		{0C01BB3A-E28B-499A-B780-55C7AEAD71D3}.Debug|Any CPU.ActiveCfg = Debug|Any CPU
		{0C01BB3A-E28B-499A-B780-55C7AEAD71D3}.Debug|Any CPU.Build.0 = Debug|Any CPU
		{0C01BB3A-E28B-499A-B780-55C7AEAD71D3}.Release|Any CPU.ActiveCfg = Release|Any CPU
		{0C01BB3A-E28B-499A-B780-55C7AEAD71D3}.Release|Any CPU.Build.0 = Release|Any CPU
	EndGlobalSection
	GlobalSection(SolutionProperties) = preSolution
		HideSolutionNode = FALSE
	EndGlobalSection
	GlobalSection(ExtensibilityGlobals) = postSolution
		SolutionGuid = {417FD58A-33F5-4A9B-9766-EBB70522EC77}
	EndGlobalSection
EndGlobal
